
Microsoft Visual Studio Solution File, Format Version 12.00
# Visual Studio Version 16
VisualStudioVersion = 16.0.29411.108
MinimumVisualStudioVersion = 10.0.40219.1
Project("{FAE04EC0-301F-11D3-BF4B-00C04F79EFBC}") = "CorreiosAPP", "CorreiosAPP\CorreiosAPP.csproj", "{0C45864D-3855-4872-BAF6-630ADA0F45CA}"
EndProject
Global
	GlobalSection(SolutionConfigurationPlatforms) = preSolution
		Debug|Any CPU = Debug|Any CPU
		Release|Any CPU = Release|Any CPU
	EndGlobalSection
	GlobalSection(ProjectConfigurationPlatforms) = postSolution
		{0C45864D-3855-4872-BAF6-630ADA0F45CA}.Debug|Any CPU.ActiveCfg = Debug|Any CPU
		{0C45864D-3855-4872-BAF6-630ADA0F45CA}.Debug|Any CPU.Build.0 = Debug|Any CPU
		{0C45864D-3855-4872-BAF6-630ADA0F45CA}.Release|Any CPU.ActiveCfg = Release|Any CPU
		{0C45864D-3855-4872-BAF6-630ADA0F45CA}.Release|Any CPU.Build.0 = Release|Any CPU
	EndGlobalSection
	GlobalSection(SolutionProperties) = preSolution
		HideSolutionNode = FALSE
	EndGlobalSection
	GlobalSection(ExtensibilityGlobals) = postSolution
		SolutionGuid = {11749CFA-B77D-4524-88DB-3EC610AD44C8}
	EndGlobalSection
EndGlobal
